// !$*UTF8*$!
{
	archiveVersion = 1;
	classes = {
	};
	objectVersion = 51;
	objects = {

/* Begin PBXBuildFile section */
		5CCC78D19853699B6F3665DC /* Pods_thereto_ios.framework in Frameworks */ = {isa = PBXBuildFile; fileRef = 4D3E007D2F9D10449EC91D30 /* Pods_thereto_ios.framework */; };
		6E01EA2E23FBAD0C00C85607 /* FriendAdminCell.swift in Sources */ = {isa = PBXBuildFile; fileRef = 6E01EA2D23FBAD0C00C85607 /* FriendAdminCell.swift */; };
		6E01EA3123FBBBA500C85607 /* SentLetterView.swift in Sources */ = {isa = PBXBuildFile; fileRef = 6E01EA3023FBBBA500C85607 /* SentLetterView.swift */; };
		6E01EA3323FBBBD900C85607 /* SentLetterVC.swift in Sources */ = {isa = PBXBuildFile; fileRef = 6E01EA3223FBBBD900C85607 /* SentLetterVC.swift */; };
		6E01EA3523FBBD8A00C85607 /* SentLetterViewModel.swift in Sources */ = {isa = PBXBuildFile; fileRef = 6E01EA3423FBBD8A00C85607 /* SentLetterViewModel.swift */; };
		6E01EA3923FBCD5C00C85607 /* LetterDetailView.swift in Sources */ = {isa = PBXBuildFile; fileRef = 6E01EA3823FBCD5C00C85607 /* LetterDetailView.swift */; };
		6E0A654923E92D4400FC1DB7 /* FriendControlViewModel.swift in Sources */ = {isa = PBXBuildFile; fileRef = 6E0A654823E92D4400FC1DB7 /* FriendControlViewModel.swift */; };
		6E10BC4E23A53E7D0026BCD7 /* ProfileView.swift in Sources */ = {isa = PBXBuildFile; fileRef = 6E10BC4D23A53E7C0026BCD7 /* ProfileView.swift */; };
		6E10BC5023A540740026BCD7 /* ProfileVC.swift in Sources */ = {isa = PBXBuildFile; fileRef = 6E10BC4F23A540740026BCD7 /* ProfileVC.swift */; };
		6E127E8223E3FED400EE6126 /* FriendPageVC.swift in Sources */ = {isa = PBXBuildFile; fileRef = 6E127E8123E3FED400EE6126 /* FriendPageVC.swift */; };
		6E127E8423E3FF6100EE6126 /* FriendTableView.swift in Sources */ = {isa = PBXBuildFile; fileRef = 6E127E8323E3FF6100EE6126 /* FriendTableView.swift */; };
		6E127E8623E3FFA100EE6126 /* FriendTableVC.swift in Sources */ = {isa = PBXBuildFile; fileRef = 6E127E8523E3FFA100EE6126 /* FriendTableVC.swift */; };
		6E13207723A8BC1400D868D6 /* DrawerView.swift in Sources */ = {isa = PBXBuildFile; fileRef = 6E13207623A8BC1400D868D6 /* DrawerView.swift */; };
		6E1404D823F0E51900E954BD /* MainVC.swift in Sources */ = {isa = PBXBuildFile; fileRef = 6E1404D723F0E51900E954BD /* MainVC.swift */; };
		6E1404DB23F1059A00E954BD /* WriteView.swift in Sources */ = {isa = PBXBuildFile; fileRef = 6E1404DA23F1059A00E954BD /* WriteView.swift */; };
		6E1EBD9523A493280062C2F9 /* GoogleService-Info.plist in Resources */ = {isa = PBXBuildFile; fileRef = 6E1EBD9423A493280062C2F9 /* GoogleService-Info.plist */; };
		6E1EBD9823A4A06E0062C2F9 /* AlertUtil.swift in Sources */ = {isa = PBXBuildFile; fileRef = 6E1EBD9723A4A06E0062C2F9 /* AlertUtil.swift */; };
		6E1FB3112403553C00A928A3 /* LetterSearchViewModel.swift in Sources */ = {isa = PBXBuildFile; fileRef = 6E1FB3102403553C00A928A3 /* LetterSearchViewModel.swift */; };
		6E2A089F23A7420100A13F92 /* ProfileViewModel.swift in Sources */ = {isa = PBXBuildFile; fileRef = 6E2A089E23A7420100A13F92 /* ProfileViewModel.swift */; };
		6E2A08A123A74C3100A13F92 /* UIImageViewExt.swift in Sources */ = {isa = PBXBuildFile; fileRef = 6E2A08A023A74C3100A13F92 /* UIImageViewExt.swift */; };
		6E2A08A423A758B000A13F92 /* User.swift in Sources */ = {isa = PBXBuildFile; fileRef = 6E2A08A323A758B000A13F92 /* User.swift */; };
		6E2A08A723A75BC600A13F92 /* UserService.swift in Sources */ = {isa = PBXBuildFile; fileRef = 6E2A08A623A75BC600A13F92 /* UserService.swift */; };
		6E2A08AA23A7689E00A13F92 /* LetterBoxView.swift in Sources */ = {isa = PBXBuildFile; fileRef = 6E2A08A923A7689E00A13F92 /* LetterBoxView.swift */; };
		6E2A08AC23A768C300A13F92 /* LetterBoxVC.swift in Sources */ = {isa = PBXBuildFile; fileRef = 6E2A08AB23A768C300A13F92 /* LetterBoxVC.swift */; };
		6E33759123ECF2FD00C3128E /* FindFriendView.swift in Sources */ = {isa = PBXBuildFile; fileRef = 6E33759023ECF2FD00C3128E /* FindFriendView.swift */; };
		6E33759323ECF38F00C3128E /* FindFriendVC.swift in Sources */ = {isa = PBXBuildFile; fileRef = 6E33759223ECF38F00C3128E /* FindFriendVC.swift */; };
		6E33759523ECF8F900C3128E /* FindFriendViewModel.swift in Sources */ = {isa = PBXBuildFile; fileRef = 6E33759423ECF8F900C3128E /* FindFriendViewModel.swift */; };
		6E33759823ED210D00C3128E /* SetupView.swift in Sources */ = {isa = PBXBuildFile; fileRef = 6E33759723ED210D00C3128E /* SetupView.swift */; };
		6E33759A23ED38B800C3128E /* SetupVC.swift in Sources */ = {isa = PBXBuildFile; fileRef = 6E33759923ED38B800C3128E /* SetupVC.swift */; };
		6E33759C23ED3FB900C3128E /* SetupCell.swift in Sources */ = {isa = PBXBuildFile; fileRef = 6E33759B23ED3FB900C3128E /* SetupCell.swift */; };
		6E33759E23ED4BA100C3128E /* SetupViewModel.swift in Sources */ = {isa = PBXBuildFile; fileRef = 6E33759D23ED4BA100C3128E /* SetupViewModel.swift */; };
		6E34E95F23F529CC009F93C6 /* GeoLocationResponse.swift in Sources */ = {isa = PBXBuildFile; fileRef = 6E34E95E23F529CC009F93C6 /* GeoLocationResponse.swift */; };
		6E34E96223F53BC5009F93C6 /* PlaceTitleView.swift in Sources */ = {isa = PBXBuildFile; fileRef = 6E34E96123F53BC5009F93C6 /* PlaceTitleView.swift */; };
		6E34E96423F544DD009F93C6 /* PlaceTitleVC.swift in Sources */ = {isa = PBXBuildFile; fileRef = 6E34E96323F544DD009F93C6 /* PlaceTitleVC.swift */; };
		6E3B20DA247252E000E8F7EA /* Land.swift in Sources */ = {isa = PBXBuildFile; fileRef = 6E3B20D9247252E000E8F7EA /* Land.swift */; };
		6E3B20DC247257AD00E8F7EA /* Addition.swift in Sources */ = {isa = PBXBuildFile; fileRef = 6E3B20DB247257AD00E8F7EA /* Addition.swift */; };
		6E43271B23A9A74A00AEBD93 /* FriendListView.swift in Sources */ = {isa = PBXBuildFile; fileRef = 6E43271A23A9A74A00AEBD93 /* FriendListView.swift */; };
		6E43271D23A9A7BE00AEBD93 /* FirendListVC.swift in Sources */ = {isa = PBXBuildFile; fileRef = 6E43271C23A9A7BE00AEBD93 /* FirendListVC.swift */; };
		6E45E41923B9B83000C2900C /* FriendControlView.swift in Sources */ = {isa = PBXBuildFile; fileRef = 6E45E41823B9B83000C2900C /* FriendControlView.swift */; };
		6E45E41F23B9C2D000C2900C /* BaseCollectionViewCell.swift in Sources */ = {isa = PBXBuildFile; fileRef = 6E45E41E23B9C2D000C2900C /* BaseCollectionViewCell.swift */; };
		6E45E42123B9C5B300C2900C /* FriendControlVC.swift in Sources */ = {isa = PBXBuildFile; fileRef = 6E45E42023B9C5B300C2900C /* FriendControlVC.swift */; };
		6E559D8323F37CE000086080 /* SelectLocationView.swift in Sources */ = {isa = PBXBuildFile; fileRef = 6E559D8223F37CE000086080 /* SelectLocationView.swift */; };
		6E559D8523F37E0D00086080 /* SelectLocationVC.swift in Sources */ = {isa = PBXBuildFile; fileRef = 6E559D8423F37E0D00086080 /* SelectLocationVC.swift */; };
		6E590DB123E8122A006814BE /* FriendControlCell.swift in Sources */ = {isa = PBXBuildFile; fileRef = 6E590DB023E8122A006814BE /* FriendControlCell.swift */; };
		6E63140723B0E1D1009F1D09 /* AddFriendViewModel.swift in Sources */ = {isa = PBXBuildFile; fileRef = 6E63140623B0E1D1009F1D09 /* AddFriendViewModel.swift */; };
		6E63140923B0E452009F1D09 /* AddFriendCell.swift in Sources */ = {isa = PBXBuildFile; fileRef = 6E63140823B0E452009F1D09 /* AddFriendCell.swift */; };
		6E6443DB23EBA87C00254331 /* FriendDetailView.swift in Sources */ = {isa = PBXBuildFile; fileRef = 6E6443DA23EBA87C00254331 /* FriendDetailView.swift */; };
		6E6443DD23EBACCA00254331 /* FriendDetailVC.swift in Sources */ = {isa = PBXBuildFile; fileRef = 6E6443DC23EBACCA00254331 /* FriendDetailVC.swift */; };
		6E6443DF23EBB1A500254331 /* RatioUtils.swift in Sources */ = {isa = PBXBuildFile; fileRef = 6E6443DE23EBB1A500254331 /* RatioUtils.swift */; };
		6E6443E123EBCDC600254331 /* FriendDetailViewModel.swift in Sources */ = {isa = PBXBuildFile; fileRef = 6E6443E023EBCDC600254331 /* FriendDetailViewModel.swift */; };
		6E6443E323EBD3A000254331 /* Result.swift in Sources */ = {isa = PBXBuildFile; fileRef = 6E6443E223EBD3A000254331 /* Result.swift */; };
		6E6443E523EBD5BA00254331 /* CommonError.swift in Sources */ = {isa = PBXBuildFile; fileRef = 6E6443E423EBD5BA00254331 /* CommonError.swift */; };
		6E6443E723EBDC4E00254331 /* Friend.swift in Sources */ = {isa = PBXBuildFile; fileRef = 6E6443E623EBDC4E00254331 /* Friend.swift */; };
		6E6443E923EBDD6300254331 /* SocialType.swift in Sources */ = {isa = PBXBuildFile; fileRef = 6E6443E823EBDD6300254331 /* SocialType.swift */; };
		6E6443EB23EBDD7900254331 /* State.swift in Sources */ = {isa = PBXBuildFile; fileRef = 6E6443EA23EBDD7900254331 /* State.swift */; };
		6E644FB82400E961002292FC /* LetterSearchView.swift in Sources */ = {isa = PBXBuildFile; fileRef = 6E644FB72400E961002292FC /* LetterSearchView.swift */; };
		6E644FBA2400ED37002292FC /* LetterSearchVC.swift in Sources */ = {isa = PBXBuildFile; fileRef = 6E644FB92400ED37002292FC /* LetterSearchVC.swift */; };
		6E6587E624663EE8001D9C8E /* HTTPUtils.swift in Sources */ = {isa = PBXBuildFile; fileRef = 6E6587E524663EE8001D9C8E /* HTTPUtils.swift */; };
		6E6F0E8F2439CBFD00FD3F08 /* BaseViewModel.swift in Sources */ = {isa = PBXBuildFile; fileRef = 6E6F0E8E2439CBFD00FD3F08 /* BaseViewModel.swift */; };
		6E6F0E912439D1D300FD3F08 /* FacebookManager.swift in Sources */ = {isa = PBXBuildFile; fileRef = 6E6F0E902439D1D300FD3F08 /* FacebookManager.swift */; };
		6E6F0E932439D95900FD3F08 /* CommonResponse.swift in Sources */ = {isa = PBXBuildFile; fileRef = 6E6F0E922439D95900FD3F08 /* CommonResponse.swift */; };
		6E7041E623F6558500843A37 /* Location.swift in Sources */ = {isa = PBXBuildFile; fileRef = 6E7041E523F6558500843A37 /* Location.swift */; };
		6E7041E823F65DB400843A37 /* WriteViewModel.swift in Sources */ = {isa = PBXBuildFile; fileRef = 6E7041E723F65DB400843A37 /* WriteViewModel.swift */; };
		6E7041EA23F6807900843A37 /* LetterService.swift in Sources */ = {isa = PBXBuildFile; fileRef = 6E7041E923F6807900843A37 /* LetterService.swift */; };
		6E7041EC23F689F200843A37 /* Letter.swift in Sources */ = {isa = PBXBuildFile; fileRef = 6E7041EB23F689F200843A37 /* Letter.swift */; };
		6E804B3323ADDFDD009574CD /* FriendCell.swift in Sources */ = {isa = PBXBuildFile; fileRef = 6E804B3223ADDFDD009574CD /* FriendCell.swift */; };
		6E804B3523ADE4E4009574CD /* FriendListViewModel.swift in Sources */ = {isa = PBXBuildFile; fileRef = 6E804B3423ADE4E4009574CD /* FriendListViewModel.swift */; };
		6E804B3823ADEEB7009574CD /* AddFriendView.swift in Sources */ = {isa = PBXBuildFile; fileRef = 6E804B3723ADEEB7009574CD /* AddFriendView.swift */; };
		6E804B3A23ADF179009574CD /* SpoqaHanSans-Light.ttf in Resources */ = {isa = PBXBuildFile; fileRef = 6E804B3923ADF179009574CD /* SpoqaHanSans-Light.ttf */; };
		6E804B3C23ADF4ED009574CD /* AddFriendVC.swift in Sources */ = {isa = PBXBuildFile; fileRef = 6E804B3B23ADF4ED009574CD /* AddFriendVC.swift */; };
		6E8C8A65245FBB73004C0DD1 /* SplashViewModel.swift in Sources */ = {isa = PBXBuildFile; fileRef = 6E8C8A64245FBB73004C0DD1 /* SplashViewModel.swift */; };
		6E8C8A67245FD7C2004C0DD1 /* SignInViewModel.swift in Sources */ = {isa = PBXBuildFile; fileRef = 6E8C8A66245FD7C2004C0DD1 /* SignInViewModel.swift */; };
		6E924A3B2467B36200325316 /* JsonUtils.swift in Sources */ = {isa = PBXBuildFile; fileRef = 6E924A3A2467B36200325316 /* JsonUtils.swift */; };
		6E93C84023F25C45002E737F /* WriteVC.swift in Sources */ = {isa = PBXBuildFile; fileRef = 6E93C83F23F25C45002E737F /* WriteVC.swift */; };
		6E93C84323F27536002E737F /* SelectFriendView.swift in Sources */ = {isa = PBXBuildFile; fileRef = 6E93C84223F27536002E737F /* SelectFriendView.swift */; };
		6E93C84523F2807A002E737F /* SelectFriendVC.swift in Sources */ = {isa = PBXBuildFile; fileRef = 6E93C84423F2807A002E737F /* SelectFriendVC.swift */; };
		6E93C84723F28520002E737F /* SelectFriendViewModel.swift in Sources */ = {isa = PBXBuildFile; fileRef = 6E93C84623F28520002E737F /* SelectFriendViewModel.swift */; };
		6E9EC3FB247A6F68008459DC /* Alarm.swift in Sources */ = {isa = PBXBuildFile; fileRef = 6E9EC3FA247A6F68008459DC /* Alarm.swift */; };
		6E9F9EEC23F3BA3900A14C40 /* MapService.swift in Sources */ = {isa = PBXBuildFile; fileRef = 6E9F9EEB23F3BA3900A14C40 /* MapService.swift */; };
		6E9F9EEE23F3C37300A14C40 /* ReverseGeoLocation.swift in Sources */ = {isa = PBXBuildFile; fileRef = 6E9F9EED23F3C37300A14C40 /* ReverseGeoLocation.swift */; };
		6E9F9EF023F3C42C00A14C40 /* Area.swift in Sources */ = {isa = PBXBuildFile; fileRef = 6E9F9EEF23F3C42C00A14C40 /* Area.swift */; };
		6E9F9EF223F3C48900A14C40 /* Region.swift in Sources */ = {isa = PBXBuildFile; fileRef = 6E9F9EF123F3C48900A14C40 /* Region.swift */; };
		6E9F9EF423F3C62200A14C40 /* NaverResponse.swift in Sources */ = {isa = PBXBuildFile; fileRef = 6E9F9EF323F3C62200A14C40 /* NaverResponse.swift */; };
		6E9F9EF623F3CA0E00A14C40 /* SelectLocationViewModel.swift in Sources */ = {isa = PBXBuildFile; fileRef = 6E9F9EF523F3CA0E00A14C40 /* SelectLocationViewModel.swift */; };
		6E9F9EF923F3CBA800A14C40 /* FindAddressView.swift in Sources */ = {isa = PBXBuildFile; fileRef = 6E9F9EF823F3CBA800A14C40 /* FindAddressView.swift */; };
		6E9F9EFB23F3CD1100A14C40 /* FindAddressVC.swift in Sources */ = {isa = PBXBuildFile; fileRef = 6E9F9EFA23F3CD1100A14C40 /* FindAddressVC.swift */; };
		6E9F9EFD23F3D11300A14C40 /* AddressService.swift in Sources */ = {isa = PBXBuildFile; fileRef = 6E9F9EFC23F3D11300A14C40 /* AddressService.swift */; };
		6E9F9EFF23F3EB1300A14C40 /* Juso.swift in Sources */ = {isa = PBXBuildFile; fileRef = 6E9F9EFE23F3EB1300A14C40 /* Juso.swift */; };
		6E9F9F0123F3F14F00A14C40 /* JusoResults.swift in Sources */ = {isa = PBXBuildFile; fileRef = 6E9F9F0023F3F14F00A14C40 /* JusoResults.swift */; };
		6E9F9F0523F3F35E00A14C40 /* AddressCell.swift in Sources */ = {isa = PBXBuildFile; fileRef = 6E9F9F0423F3F35E00A14C40 /* AddressCell.swift */; };
		6E9F9F0723F3F44100A14C40 /* FindAddressViewModel.swift in Sources */ = {isa = PBXBuildFile; fileRef = 6E9F9F0623F3F44100A14C40 /* FindAddressViewModel.swift */; };
		6EA0725423B76E1400D59079 /* UserDefaultsUtil.swift in Sources */ = {isa = PBXBuildFile; fileRef = 6EA0725323B76E1400D59079 /* UserDefaultsUtil.swift */; };
		6EA738CE2393947B002176F6 /* SignInView.swift in Sources */ = {isa = PBXBuildFile; fileRef = 6EA738CD2393947B002176F6 /* SignInView.swift */; };
		6EA738D02393982F002176F6 /* SignInVC.swift in Sources */ = {isa = PBXBuildFile; fileRef = 6EA738CF2393982F002176F6 /* SignInVC.swift */; };
		6EBF6BE623A8922D00182078 /* FrankRuhlLibre-Black.ttf in Resources */ = {isa = PBXBuildFile; fileRef = 6EBF6BE523A8922D00182078 /* FrankRuhlLibre-Black.ttf */; };
		6EBF6BEA23A89B8C00182078 /* BoxNavigationBar.swift in Sources */ = {isa = PBXBuildFile; fileRef = 6EBF6BE923A89B8C00182078 /* BoxNavigationBar.swift */; };
		6EC1025123A8E61D00328C08 /* LetterCell.swift in Sources */ = {isa = PBXBuildFile; fileRef = 6EC1025023A8E61D00328C08 /* LetterCell.swift */; };
		6EC1025323A8E65300328C08 /* BaseTableViewCell.swift in Sources */ = {isa = PBXBuildFile; fileRef = 6EC1025223A8E65300328C08 /* BaseTableViewCell.swift */; };
		6EC1025523A8E7D400328C08 /* SpoqaHanSans-Bold.ttf in Resources */ = {isa = PBXBuildFile; fileRef = 6EC1025423A8E7D400328C08 /* SpoqaHanSans-Bold.ttf */; };
		6EC1025723A8E84900328C08 /* SpoqaHanSans-Regular.ttf in Resources */ = {isa = PBXBuildFile; fileRef = 6EC1025623A8E84900328C08 /* SpoqaHanSans-Regular.ttf */; };
		6EC5DC6323FCC774008AB915 /* LetterDetailVC.swift in Sources */ = {isa = PBXBuildFile; fileRef = 6EC5DC6223FCC774008AB915 /* LetterDetailVC.swift */; };
		6EC5DC6523FD0BA0008AB915 /* LetterBoxViewModel.swift in Sources */ = {isa = PBXBuildFile; fileRef = 6EC5DC6423FD0BA0008AB915 /* LetterBoxViewModel.swift */; };
		6EC5DC6823FD1548008AB915 /* FarAwayView.swift in Sources */ = {isa = PBXBuildFile; fileRef = 6EC5DC6723FD1548008AB915 /* FarAwayView.swift */; };
		6EC5DC6A23FD1949008AB915 /* FarAwayVC.swift in Sources */ = {isa = PBXBuildFile; fileRef = 6EC5DC6923FD1949008AB915 /* FarAwayVC.swift */; };
		6ECCFA9F23EA7EBC001A565E /* DateUtil.swift in Sources */ = {isa = PBXBuildFile; fileRef = 6ECCFA9E23EA7EBC001A565E /* DateUtil.swift */; };
		6EE72F63239236AD00C4CFA7 /* BaseView.swift in Sources */ = {isa = PBXBuildFile; fileRef = 6EE72F62239236AD00C4CFA7 /* BaseView.swift */; };
		6EE72F652392372D00C4CFA7 /* BaseVC.swift in Sources */ = {isa = PBXBuildFile; fileRef = 6EE72F642392372D00C4CFA7 /* BaseVC.swift */; };
		6EE72F68239237BD00C4CFA7 /* UIViewExt.swift in Sources */ = {isa = PBXBuildFile; fileRef = 6EE72F67239237BD00C4CFA7 /* UIViewExt.swift */; };
		6EE72F6B2392395800C4CFA7 /* SplashView.swift in Sources */ = {isa = PBXBuildFile; fileRef = 6EE72F6A2392395800C4CFA7 /* SplashView.swift */; };
		6EE72F6D239239FA00C4CFA7 /* UIColorExt.swift in Sources */ = {isa = PBXBuildFile; fileRef = 6EE72F6C239239FA00C4CFA7 /* UIColorExt.swift */; };
		6EE72F6F23923CB000C4CFA7 /* SplashVC.swift in Sources */ = {isa = PBXBuildFile; fileRef = 6EE72F6E23923CB000C4CFA7 /* SplashVC.swift */; };
		6EE8DFD32392325C00BF2E59 /* AppDelegate.swift in Sources */ = {isa = PBXBuildFile; fileRef = 6EE8DFD22392325C00BF2E59 /* AppDelegate.swift */; };
		6EE8DFD92392325D00BF2E59 /* Assets.xcassets in Resources */ = {isa = PBXBuildFile; fileRef = 6EE8DFD82392325D00BF2E59 /* Assets.xcassets */; };
		6EFE3CB823A4D18500C32992 /* FirebaseUtil.swift in Sources */ = {isa = PBXBuildFile; fileRef = 6EFE3CB723A4D18500C32992 /* FirebaseUtil.swift */; };
/* End PBXBuildFile section */

/* Begin PBXFileReference section */
		4D3E007D2F9D10449EC91D30 /* Pods_thereto_ios.framework */ = {isa = PBXFileReference; explicitFileType = wrapper.framework; includeInIndex = 0; path = Pods_thereto_ios.framework; sourceTree = BUILT_PRODUCTS_DIR; };
		6E01EA2D23FBAD0C00C85607 /* FriendAdminCell.swift */ = {isa = PBXFileReference; lastKnownFileType = sourcecode.swift; path = FriendAdminCell.swift; sourceTree = "<group>"; };
		6E01EA3023FBBBA500C85607 /* SentLetterView.swift */ = {isa = PBXFileReference; lastKnownFileType = sourcecode.swift; path = SentLetterView.swift; sourceTree = "<group>"; };
		6E01EA3223FBBBD900C85607 /* SentLetterVC.swift */ = {isa = PBXFileReference; lastKnownFileType = sourcecode.swift; path = SentLetterVC.swift; sourceTree = "<group>"; };
		6E01EA3423FBBD8A00C85607 /* SentLetterViewModel.swift */ = {isa = PBXFileReference; lastKnownFileType = sourcecode.swift; path = SentLetterViewModel.swift; sourceTree = "<group>"; };
		6E01EA3823FBCD5C00C85607 /* LetterDetailView.swift */ = {isa = PBXFileReference; lastKnownFileType = sourcecode.swift; path = LetterDetailView.swift; sourceTree = "<group>"; };
		6E0A654823E92D4400FC1DB7 /* FriendControlViewModel.swift */ = {isa = PBXFileReference; lastKnownFileType = sourcecode.swift; path = FriendControlViewModel.swift; sourceTree = "<group>"; };
		6E10BC4D23A53E7C0026BCD7 /* ProfileView.swift */ = {isa = PBXFileReference; lastKnownFileType = sourcecode.swift; path = ProfileView.swift; sourceTree = "<group>"; };
		6E10BC4F23A540740026BCD7 /* ProfileVC.swift */ = {isa = PBXFileReference; lastKnownFileType = sourcecode.swift; path = ProfileVC.swift; sourceTree = "<group>"; };
		6E127E8123E3FED400EE6126 /* FriendPageVC.swift */ = {isa = PBXFileReference; lastKnownFileType = sourcecode.swift; path = FriendPageVC.swift; sourceTree = "<group>"; };
		6E127E8323E3FF6100EE6126 /* FriendTableView.swift */ = {isa = PBXFileReference; lastKnownFileType = sourcecode.swift; path = FriendTableView.swift; sourceTree = "<group>"; };
		6E127E8523E3FFA100EE6126 /* FriendTableVC.swift */ = {isa = PBXFileReference; lastKnownFileType = sourcecode.swift; path = FriendTableVC.swift; sourceTree = "<group>"; };
		6E13207623A8BC1400D868D6 /* DrawerView.swift */ = {isa = PBXFileReference; lastKnownFileType = sourcecode.swift; path = DrawerView.swift; sourceTree = "<group>"; };
		6E1404D723F0E51900E954BD /* MainVC.swift */ = {isa = PBXFileReference; lastKnownFileType = sourcecode.swift; path = MainVC.swift; sourceTree = "<group>"; };
		6E1404DA23F1059A00E954BD /* WriteView.swift */ = {isa = PBXFileReference; lastKnownFileType = sourcecode.swift; path = WriteView.swift; sourceTree = "<group>"; };
		6E1EBD9423A493280062C2F9 /* GoogleService-Info.plist */ = {isa = PBXFileReference; fileEncoding = 4; lastKnownFileType = text.plist.xml; path = "GoogleService-Info.plist"; sourceTree = "<group>"; };
		6E1EBD9723A4A06E0062C2F9 /* AlertUtil.swift */ = {isa = PBXFileReference; lastKnownFileType = sourcecode.swift; path = AlertUtil.swift; sourceTree = "<group>"; };
		6E1FB3102403553C00A928A3 /* LetterSearchViewModel.swift */ = {isa = PBXFileReference; lastKnownFileType = sourcecode.swift; path = LetterSearchViewModel.swift; sourceTree = "<group>"; };
		6E2A089E23A7420100A13F92 /* ProfileViewModel.swift */ = {isa = PBXFileReference; lastKnownFileType = sourcecode.swift; path = ProfileViewModel.swift; sourceTree = "<group>"; };
		6E2A08A023A74C3100A13F92 /* UIImageViewExt.swift */ = {isa = PBXFileReference; lastKnownFileType = sourcecode.swift; path = UIImageViewExt.swift; sourceTree = "<group>"; };
		6E2A08A323A758B000A13F92 /* User.swift */ = {isa = PBXFileReference; lastKnownFileType = sourcecode.swift; path = User.swift; sourceTree = "<group>"; };
		6E2A08A623A75BC600A13F92 /* UserService.swift */ = {isa = PBXFileReference; lastKnownFileType = sourcecode.swift; path = UserService.swift; sourceTree = "<group>"; };
		6E2A08A923A7689E00A13F92 /* LetterBoxView.swift */ = {isa = PBXFileReference; lastKnownFileType = sourcecode.swift; path = LetterBoxView.swift; sourceTree = "<group>"; };
		6E2A08AB23A768C300A13F92 /* LetterBoxVC.swift */ = {isa = PBXFileReference; lastKnownFileType = sourcecode.swift; path = LetterBoxVC.swift; sourceTree = "<group>"; };
		6E33759023ECF2FD00C3128E /* FindFriendView.swift */ = {isa = PBXFileReference; lastKnownFileType = sourcecode.swift; path = FindFriendView.swift; sourceTree = "<group>"; };
		6E33759223ECF38F00C3128E /* FindFriendVC.swift */ = {isa = PBXFileReference; lastKnownFileType = sourcecode.swift; path = FindFriendVC.swift; sourceTree = "<group>"; };
		6E33759423ECF8F900C3128E /* FindFriendViewModel.swift */ = {isa = PBXFileReference; lastKnownFileType = sourcecode.swift; path = FindFriendViewModel.swift; sourceTree = "<group>"; };
		6E33759723ED210D00C3128E /* SetupView.swift */ = {isa = PBXFileReference; lastKnownFileType = sourcecode.swift; path = SetupView.swift; sourceTree = "<group>"; };
		6E33759923ED38B800C3128E /* SetupVC.swift */ = {isa = PBXFileReference; lastKnownFileType = sourcecode.swift; path = SetupVC.swift; sourceTree = "<group>"; };
		6E33759B23ED3FB900C3128E /* SetupCell.swift */ = {isa = PBXFileReference; lastKnownFileType = sourcecode.swift; path = SetupCell.swift; sourceTree = "<group>"; };
		6E33759D23ED4BA100C3128E /* SetupViewModel.swift */ = {isa = PBXFileReference; lastKnownFileType = sourcecode.swift; path = SetupViewModel.swift; sourceTree = "<group>"; };
		6E34E95E23F529CC009F93C6 /* GeoLocationResponse.swift */ = {isa = PBXFileReference; lastKnownFileType = sourcecode.swift; path = GeoLocationResponse.swift; sourceTree = "<group>"; };
		6E34E96123F53BC5009F93C6 /* PlaceTitleView.swift */ = {isa = PBXFileReference; lastKnownFileType = sourcecode.swift; path = PlaceTitleView.swift; sourceTree = "<group>"; };
		6E34E96323F544DD009F93C6 /* PlaceTitleVC.swift */ = {isa = PBXFileReference; lastKnownFileType = sourcecode.swift; path = PlaceTitleVC.swift; sourceTree = "<group>"; };
		6E3B20D9247252E000E8F7EA /* Land.swift */ = {isa = PBXFileReference; lastKnownFileType = sourcecode.swift; path = Land.swift; sourceTree = "<group>"; };
		6E3B20DB247257AD00E8F7EA /* Addition.swift */ = {isa = PBXFileReference; lastKnownFileType = sourcecode.swift; path = Addition.swift; sourceTree = "<group>"; };
		6E43271A23A9A74A00AEBD93 /* FriendListView.swift */ = {isa = PBXFileReference; lastKnownFileType = sourcecode.swift; path = FriendListView.swift; sourceTree = "<group>"; };
		6E43271C23A9A7BE00AEBD93 /* FirendListVC.swift */ = {isa = PBXFileReference; lastKnownFileType = sourcecode.swift; path = FirendListVC.swift; sourceTree = "<group>"; };
		6E45E41823B9B83000C2900C /* FriendControlView.swift */ = {isa = PBXFileReference; lastKnownFileType = sourcecode.swift; path = FriendControlView.swift; sourceTree = "<group>"; };
		6E45E41E23B9C2D000C2900C /* BaseCollectionViewCell.swift */ = {isa = PBXFileReference; lastKnownFileType = sourcecode.swift; path = BaseCollectionViewCell.swift; sourceTree = "<group>"; };
		6E45E42023B9C5B300C2900C /* FriendControlVC.swift */ = {isa = PBXFileReference; lastKnownFileType = sourcecode.swift; path = FriendControlVC.swift; sourceTree = "<group>"; };
		6E559D8223F37CE000086080 /* SelectLocationView.swift */ = {isa = PBXFileReference; lastKnownFileType = sourcecode.swift; path = SelectLocationView.swift; sourceTree = "<group>"; };
		6E559D8423F37E0D00086080 /* SelectLocationVC.swift */ = {isa = PBXFileReference; lastKnownFileType = sourcecode.swift; path = SelectLocationVC.swift; sourceTree = "<group>"; };
		6E590DB023E8122A006814BE /* FriendControlCell.swift */ = {isa = PBXFileReference; lastKnownFileType = sourcecode.swift; path = FriendControlCell.swift; sourceTree = "<group>"; };
		6E63140623B0E1D1009F1D09 /* AddFriendViewModel.swift */ = {isa = PBXFileReference; lastKnownFileType = sourcecode.swift; path = AddFriendViewModel.swift; sourceTree = "<group>"; };
		6E63140823B0E452009F1D09 /* AddFriendCell.swift */ = {isa = PBXFileReference; lastKnownFileType = sourcecode.swift; path = AddFriendCell.swift; sourceTree = "<group>"; };
		6E6443DA23EBA87C00254331 /* FriendDetailView.swift */ = {isa = PBXFileReference; lastKnownFileType = sourcecode.swift; path = FriendDetailView.swift; sourceTree = "<group>"; };
		6E6443DC23EBACCA00254331 /* FriendDetailVC.swift */ = {isa = PBXFileReference; lastKnownFileType = sourcecode.swift; path = FriendDetailVC.swift; sourceTree = "<group>"; };
		6E6443DE23EBB1A500254331 /* RatioUtils.swift */ = {isa = PBXFileReference; lastKnownFileType = sourcecode.swift; path = RatioUtils.swift; sourceTree = "<group>"; };
		6E6443E023EBCDC600254331 /* FriendDetailViewModel.swift */ = {isa = PBXFileReference; lastKnownFileType = sourcecode.swift; path = FriendDetailViewModel.swift; sourceTree = "<group>"; };
		6E6443E223EBD3A000254331 /* Result.swift */ = {isa = PBXFileReference; lastKnownFileType = sourcecode.swift; path = Result.swift; sourceTree = "<group>"; };
		6E6443E423EBD5BA00254331 /* CommonError.swift */ = {isa = PBXFileReference; lastKnownFileType = sourcecode.swift; path = CommonError.swift; sourceTree = "<group>"; };
		6E6443E623EBDC4E00254331 /* Friend.swift */ = {isa = PBXFileReference; lastKnownFileType = sourcecode.swift; path = Friend.swift; sourceTree = "<group>"; };
		6E6443E823EBDD6300254331 /* SocialType.swift */ = {isa = PBXFileReference; lastKnownFileType = sourcecode.swift; path = SocialType.swift; sourceTree = "<group>"; };
		6E6443EA23EBDD7900254331 /* State.swift */ = {isa = PBXFileReference; lastKnownFileType = sourcecode.swift; path = State.swift; sourceTree = "<group>"; };
		6E644FB72400E961002292FC /* LetterSearchView.swift */ = {isa = PBXFileReference; lastKnownFileType = sourcecode.swift; path = LetterSearchView.swift; sourceTree = "<group>"; };
		6E644FB92400ED37002292FC /* LetterSearchVC.swift */ = {isa = PBXFileReference; lastKnownFileType = sourcecode.swift; path = LetterSearchVC.swift; sourceTree = "<group>"; };
		6E6587E524663EE8001D9C8E /* HTTPUtils.swift */ = {isa = PBXFileReference; lastKnownFileType = sourcecode.swift; path = HTTPUtils.swift; sourceTree = "<group>"; };
		6E6F0E8E2439CBFD00FD3F08 /* BaseViewModel.swift */ = {isa = PBXFileReference; lastKnownFileType = sourcecode.swift; path = BaseViewModel.swift; sourceTree = "<group>"; };
		6E6F0E902439D1D300FD3F08 /* FacebookManager.swift */ = {isa = PBXFileReference; lastKnownFileType = sourcecode.swift; path = FacebookManager.swift; sourceTree = "<group>"; };
		6E6F0E922439D95900FD3F08 /* CommonResponse.swift */ = {isa = PBXFileReference; lastKnownFileType = sourcecode.swift; path = CommonResponse.swift; sourceTree = "<group>"; };
		6E7041E523F6558500843A37 /* Location.swift */ = {isa = PBXFileReference; lastKnownFileType = sourcecode.swift; path = Location.swift; sourceTree = "<group>"; };
		6E7041E723F65DB400843A37 /* WriteViewModel.swift */ = {isa = PBXFileReference; lastKnownFileType = sourcecode.swift; path = WriteViewModel.swift; sourceTree = "<group>"; };
		6E7041E923F6807900843A37 /* LetterService.swift */ = {isa = PBXFileReference; lastKnownFileType = sourcecode.swift; path = LetterService.swift; sourceTree = "<group>"; };
		6E7041EB23F689F200843A37 /* Letter.swift */ = {isa = PBXFileReference; lastKnownFileType = sourcecode.swift; path = Letter.swift; sourceTree = "<group>"; };
		6E804B3223ADDFDD009574CD /* FriendCell.swift */ = {isa = PBXFileReference; lastKnownFileType = sourcecode.swift; path = FriendCell.swift; sourceTree = "<group>"; };
		6E804B3423ADE4E4009574CD /* FriendListViewModel.swift */ = {isa = PBXFileReference; lastKnownFileType = sourcecode.swift; path = FriendListViewModel.swift; sourceTree = "<group>"; };
		6E804B3723ADEEB7009574CD /* AddFriendView.swift */ = {isa = PBXFileReference; lastKnownFileType = sourcecode.swift; path = AddFriendView.swift; sourceTree = "<group>"; };
		6E804B3923ADF179009574CD /* SpoqaHanSans-Light.ttf */ = {isa = PBXFileReference; lastKnownFileType = file; path = "SpoqaHanSans-Light.ttf"; sourceTree = "<group>"; };
		6E804B3B23ADF4ED009574CD /* AddFriendVC.swift */ = {isa = PBXFileReference; lastKnownFileType = sourcecode.swift; path = AddFriendVC.swift; sourceTree = "<group>"; };
		6E8C8A64245FBB73004C0DD1 /* SplashViewModel.swift */ = {isa = PBXFileReference; lastKnownFileType = sourcecode.swift; path = SplashViewModel.swift; sourceTree = "<group>"; };
		6E8C8A66245FD7C2004C0DD1 /* SignInViewModel.swift */ = {isa = PBXFileReference; lastKnownFileType = sourcecode.swift; path = SignInViewModel.swift; sourceTree = "<group>"; };
		6E924A3A2467B36200325316 /* JsonUtils.swift */ = {isa = PBXFileReference; lastKnownFileType = sourcecode.swift; path = JsonUtils.swift; sourceTree = "<group>"; };
		6E93C83F23F25C45002E737F /* WriteVC.swift */ = {isa = PBXFileReference; lastKnownFileType = sourcecode.swift; path = WriteVC.swift; sourceTree = "<group>"; };
		6E93C84223F27536002E737F /* SelectFriendView.swift */ = {isa = PBXFileReference; lastKnownFileType = sourcecode.swift; path = SelectFriendView.swift; sourceTree = "<group>"; };
		6E93C84423F2807A002E737F /* SelectFriendVC.swift */ = {isa = PBXFileReference; lastKnownFileType = sourcecode.swift; path = SelectFriendVC.swift; sourceTree = "<group>"; };
		6E93C84623F28520002E737F /* SelectFriendViewModel.swift */ = {isa = PBXFileReference; lastKnownFileType = sourcecode.swift; path = SelectFriendViewModel.swift; sourceTree = "<group>"; };
		6E9EC3FA247A6F68008459DC /* Alarm.swift */ = {isa = PBXFileReference; lastKnownFileType = sourcecode.swift; path = Alarm.swift; sourceTree = "<group>"; };
		6E9F9EEB23F3BA3900A14C40 /* MapService.swift */ = {isa = PBXFileReference; lastKnownFileType = sourcecode.swift; path = MapService.swift; sourceTree = "<group>"; };
		6E9F9EED23F3C37300A14C40 /* ReverseGeoLocation.swift */ = {isa = PBXFileReference; lastKnownFileType = sourcecode.swift; path = ReverseGeoLocation.swift; sourceTree = "<group>"; };
		6E9F9EEF23F3C42C00A14C40 /* Area.swift */ = {isa = PBXFileReference; lastKnownFileType = sourcecode.swift; path = Area.swift; sourceTree = "<group>"; };
		6E9F9EF123F3C48900A14C40 /* Region.swift */ = {isa = PBXFileReference; lastKnownFileType = sourcecode.swift; path = Region.swift; sourceTree = "<group>"; };
		6E9F9EF323F3C62200A14C40 /* NaverResponse.swift */ = {isa = PBXFileReference; lastKnownFileType = sourcecode.swift; path = NaverResponse.swift; sourceTree = "<group>"; };
		6E9F9EF523F3CA0E00A14C40 /* SelectLocationViewModel.swift */ = {isa = PBXFileReference; lastKnownFileType = sourcecode.swift; path = SelectLocationViewModel.swift; sourceTree = "<group>"; };
		6E9F9EF823F3CBA800A14C40 /* FindAddressView.swift */ = {isa = PBXFileReference; lastKnownFileType = sourcecode.swift; path = FindAddressView.swift; sourceTree = "<group>"; };
		6E9F9EFA23F3CD1100A14C40 /* FindAddressVC.swift */ = {isa = PBXFileReference; lastKnownFileType = sourcecode.swift; path = FindAddressVC.swift; sourceTree = "<group>"; };
		6E9F9EFC23F3D11300A14C40 /* AddressService.swift */ = {isa = PBXFileReference; lastKnownFileType = sourcecode.swift; path = AddressService.swift; sourceTree = "<group>"; };
		6E9F9EFE23F3EB1300A14C40 /* Juso.swift */ = {isa = PBXFileReference; lastKnownFileType = sourcecode.swift; path = Juso.swift; sourceTree = "<group>"; };
		6E9F9F0023F3F14F00A14C40 /* JusoResults.swift */ = {isa = PBXFileReference; lastKnownFileType = sourcecode.swift; path = JusoResults.swift; sourceTree = "<group>"; };
		6E9F9F0423F3F35E00A14C40 /* AddressCell.swift */ = {isa = PBXFileReference; lastKnownFileType = sourcecode.swift; path = AddressCell.swift; sourceTree = "<group>"; };
		6E9F9F0623F3F44100A14C40 /* FindAddressViewModel.swift */ = {isa = PBXFileReference; lastKnownFileType = sourcecode.swift; path = FindAddressViewModel.swift; sourceTree = "<group>"; };
		6EA0725323B76E1400D59079 /* UserDefaultsUtil.swift */ = {isa = PBXFileReference; lastKnownFileType = sourcecode.swift; path = UserDefaultsUtil.swift; sourceTree = "<group>"; };
		6EA738CD2393947B002176F6 /* SignInView.swift */ = {isa = PBXFileReference; lastKnownFileType = sourcecode.swift; path = SignInView.swift; sourceTree = "<group>"; };
		6EA738CF2393982F002176F6 /* SignInVC.swift */ = {isa = PBXFileReference; lastKnownFileType = sourcecode.swift; path = SignInVC.swift; sourceTree = "<group>"; };
		6EA738D12393A573002176F6 /* thereto-ios.entitlements */ = {isa = PBXFileReference; lastKnownFileType = text.plist.entitlements; path = "thereto-ios.entitlements"; sourceTree = "<group>"; };
		6EBF6BE523A8922D00182078 /* FrankRuhlLibre-Black.ttf */ = {isa = PBXFileReference; lastKnownFileType = file; path = "FrankRuhlLibre-Black.ttf"; sourceTree = "<group>"; };
		6EBF6BE923A89B8C00182078 /* BoxNavigationBar.swift */ = {isa = PBXFileReference; lastKnownFileType = sourcecode.swift; path = BoxNavigationBar.swift; sourceTree = "<group>"; };
		6EC1025023A8E61D00328C08 /* LetterCell.swift */ = {isa = PBXFileReference; lastKnownFileType = sourcecode.swift; path = LetterCell.swift; sourceTree = "<group>"; };
		6EC1025223A8E65300328C08 /* BaseTableViewCell.swift */ = {isa = PBXFileReference; lastKnownFileType = sourcecode.swift; path = BaseTableViewCell.swift; sourceTree = "<group>"; };
		6EC1025423A8E7D400328C08 /* SpoqaHanSans-Bold.ttf */ = {isa = PBXFileReference; lastKnownFileType = file; path = "SpoqaHanSans-Bold.ttf"; sourceTree = "<group>"; };
		6EC1025623A8E84900328C08 /* SpoqaHanSans-Regular.ttf */ = {isa = PBXFileReference; lastKnownFileType = file; path = "SpoqaHanSans-Regular.ttf"; sourceTree = "<group>"; };
		6EC5DC6223FCC774008AB915 /* LetterDetailVC.swift */ = {isa = PBXFileReference; lastKnownFileType = sourcecode.swift; path = LetterDetailVC.swift; sourceTree = "<group>"; };
		6EC5DC6423FD0BA0008AB915 /* LetterBoxViewModel.swift */ = {isa = PBXFileReference; lastKnownFileType = sourcecode.swift; path = LetterBoxViewModel.swift; sourceTree = "<group>"; };
		6EC5DC6723FD1548008AB915 /* FarAwayView.swift */ = {isa = PBXFileReference; lastKnownFileType = sourcecode.swift; path = FarAwayView.swift; sourceTree = "<group>"; };
		6EC5DC6923FD1949008AB915 /* FarAwayVC.swift */ = {isa = PBXFileReference; lastKnownFileType = sourcecode.swift; path = FarAwayVC.swift; sourceTree = "<group>"; };
		6ECCFA9E23EA7EBC001A565E /* DateUtil.swift */ = {isa = PBXFileReference; lastKnownFileType = sourcecode.swift; path = DateUtil.swift; sourceTree = "<group>"; };
		6EE72F62239236AD00C4CFA7 /* BaseView.swift */ = {isa = PBXFileReference; lastKnownFileType = sourcecode.swift; path = BaseView.swift; sourceTree = "<group>"; };
		6EE72F642392372D00C4CFA7 /* BaseVC.swift */ = {isa = PBXFileReference; lastKnownFileType = sourcecode.swift; path = BaseVC.swift; sourceTree = "<group>"; };
		6EE72F67239237BD00C4CFA7 /* UIViewExt.swift */ = {isa = PBXFileReference; lastKnownFileType = sourcecode.swift; path = UIViewExt.swift; sourceTree = "<group>"; };
		6EE72F6A2392395800C4CFA7 /* SplashView.swift */ = {isa = PBXFileReference; lastKnownFileType = sourcecode.swift; path = SplashView.swift; sourceTree = "<group>"; };
		6EE72F6C239239FA00C4CFA7 /* UIColorExt.swift */ = {isa = PBXFileReference; lastKnownFileType = sourcecode.swift; path = UIColorExt.swift; sourceTree = "<group>"; };
		6EE72F6E23923CB000C4CFA7 /* SplashVC.swift */ = {isa = PBXFileReference; lastKnownFileType = sourcecode.swift; path = SplashVC.swift; sourceTree = "<group>"; };
		6EE8DFCF2392325C00BF2E59 /* thereto.app */ = {isa = PBXFileReference; explicitFileType = wrapper.application; includeInIndex = 0; path = thereto.app; sourceTree = BUILT_PRODUCTS_DIR; };
		6EE8DFD22392325C00BF2E59 /* AppDelegate.swift */ = {isa = PBXFileReference; lastKnownFileType = sourcecode.swift; path = AppDelegate.swift; sourceTree = "<group>"; };
		6EE8DFD82392325D00BF2E59 /* Assets.xcassets */ = {isa = PBXFileReference; lastKnownFileType = folder.assetcatalog; path = Assets.xcassets; sourceTree = "<group>"; };
		6EE8DFE02392325D00BF2E59 /* Info.plist */ = {isa = PBXFileReference; lastKnownFileType = text.plist.xml; path = Info.plist; sourceTree = "<group>"; };
		6EFE3CB723A4D18500C32992 /* FirebaseUtil.swift */ = {isa = PBXFileReference; lastKnownFileType = sourcecode.swift; path = FirebaseUtil.swift; sourceTree = "<group>"; };
		A62EBC9CFAB1561824DC8EBE /* Pods-thereto-ios.debug.xcconfig */ = {isa = PBXFileReference; includeInIndex = 1; lastKnownFileType = text.xcconfig; name = "Pods-thereto-ios.debug.xcconfig"; path = "Target Support Files/Pods-thereto-ios/Pods-thereto-ios.debug.xcconfig"; sourceTree = "<group>"; };
		D636FB7CF7F56415C9C61FBC /* Pods-thereto-ios.release.xcconfig */ = {isa = PBXFileReference; includeInIndex = 1; lastKnownFileType = text.xcconfig; name = "Pods-thereto-ios.release.xcconfig"; path = "Target Support Files/Pods-thereto-ios/Pods-thereto-ios.release.xcconfig"; sourceTree = "<group>"; };
/* End PBXFileReference section */

/* Begin PBXFrameworksBuildPhase section */
		6EE8DFCC2392325B00BF2E59 /* Frameworks */ = {
			isa = PBXFrameworksBuildPhase;
			buildActionMask = 2147483647;
			files = (
				5CCC78D19853699B6F3665DC /* Pods_thereto_ios.framework in Frameworks */,
			);
			runOnlyForDeploymentPostprocessing = 0;
		};
/* End PBXFrameworksBuildPhase section */

/* Begin PBXGroup section */
		6E01EA2F23FBBB7200C85607 /* sent-letter */ = {
			isa = PBXGroup;
			children = (
				6E01EA3023FBBBA500C85607 /* SentLetterView.swift */,
				6E01EA3223FBBBD900C85607 /* SentLetterVC.swift */,
				6E01EA3423FBBD8A00C85607 /* SentLetterViewModel.swift */,
			);
			path = "sent-letter";
			sourceTree = "<group>";
		};
		6E01EA3723FBCD4D00C85607 /* letter-detail */ = {
			isa = PBXGroup;
			children = (
				6E01EA3823FBCD5C00C85607 /* LetterDetailView.swift */,
				6EC5DC6223FCC774008AB915 /* LetterDetailVC.swift */,
			);
			path = "letter-detail";
			sourceTree = "<group>";
		};
		6E1404D923F1059200E954BD /* write */ = {
			isa = PBXGroup;
			children = (
				6E559D8123F37CCA00086080 /* select-location */,
				6E93C84123F27519002E737F /* select-friend */,
				6E1404DA23F1059A00E954BD /* WriteView.swift */,
				6E93C83F23F25C45002E737F /* WriteVC.swift */,
				6E7041E723F65DB400843A37 /* WriteViewModel.swift */,
			);
			path = write;
			sourceTree = "<group>";
		};
		6E1EBD9623A4A0600062C2F9 /* util */ = {
			isa = PBXGroup;
			children = (
				6E1EBD9723A4A06E0062C2F9 /* AlertUtil.swift */,
				6EFE3CB723A4D18500C32992 /* FirebaseUtil.swift */,
				6EA0725323B76E1400D59079 /* UserDefaultsUtil.swift */,
				6ECCFA9E23EA7EBC001A565E /* DateUtil.swift */,
				6E6443DE23EBB1A500254331 /* RatioUtils.swift */,
				6E6F0E902439D1D300FD3F08 /* FacebookManager.swift */,
				6E6587E524663EE8001D9C8E /* HTTPUtils.swift */,
				6E924A3A2467B36200325316 /* JsonUtils.swift */,
			);
			path = util;
			sourceTree = "<group>";
		};
		6E2A08A223A758A300A13F92 /* model */ = {
			isa = PBXGroup;
			children = (
				6E2A08A323A758B000A13F92 /* User.swift */,
				6E6443E623EBDC4E00254331 /* Friend.swift */,
				6E6443E223EBD3A000254331 /* Result.swift */,
				6E6443E423EBD5BA00254331 /* CommonError.swift */,
				6E6443E823EBDD6300254331 /* SocialType.swift */,
				6E6443EA23EBDD7900254331 /* State.swift */,
				6E9F9EED23F3C37300A14C40 /* ReverseGeoLocation.swift */,
				6E9F9EEF23F3C42C00A14C40 /* Area.swift */,
				6E9F9EF123F3C48900A14C40 /* Region.swift */,
				6E9F9EF323F3C62200A14C40 /* NaverResponse.swift */,
				6E9F9EFE23F3EB1300A14C40 /* Juso.swift */,
				6E9F9F0023F3F14F00A14C40 /* JusoResults.swift */,
				6E34E95E23F529CC009F93C6 /* GeoLocationResponse.swift */,
				6E7041E523F6558500843A37 /* Location.swift */,
				6E7041EB23F689F200843A37 /* Letter.swift */,
				6E6F0E922439D95900FD3F08 /* CommonResponse.swift */,
				6E3B20D9247252E000E8F7EA /* Land.swift */,
				6E3B20DB247257AD00E8F7EA /* Addition.swift */,
				6E9EC3FA247A6F68008459DC /* Alarm.swift */,
			);
			path = model;
			sourceTree = "<group>";
		};
		6E2A08A523A75BAE00A13F92 /* services */ = {
			isa = PBXGroup;
			children = (
				6E2A08A623A75BC600A13F92 /* UserService.swift */,
				6E9F9EEB23F3BA3900A14C40 /* MapService.swift */,
				6E9F9EFC23F3D11300A14C40 /* AddressService.swift */,
				6E7041E923F6807900843A37 /* LetterService.swift */,
			);
			path = services;
			sourceTree = "<group>";
		};
		6E2A08A823A7685300A13F92 /* letterbox */ = {
			isa = PBXGroup;
			children = (
				6EC5DC6623FD151D008AB915 /* far-away */,
				6E2A08A923A7689E00A13F92 /* LetterBoxView.swift */,
				6E2A08AB23A768C300A13F92 /* LetterBoxVC.swift */,
				6EC1025023A8E61D00328C08 /* LetterCell.swift */,
				6EC5DC6423FD0BA0008AB915 /* LetterBoxViewModel.swift */,
			);
			path = letterbox;
			sourceTree = "<group>";
		};
		6E33758F23ECF2EF00C3128E /* find-friend */ = {
			isa = PBXGroup;
			children = (
				6E33759023ECF2FD00C3128E /* FindFriendView.swift */,
				6E33759223ECF38F00C3128E /* FindFriendVC.swift */,
				6E33759423ECF8F900C3128E /* FindFriendViewModel.swift */,
			);
			path = "find-friend";
			sourceTree = "<group>";
		};
		6E33759623ED20D400C3128E /* setup */ = {
			isa = PBXGroup;
			children = (
				6E33759723ED210D00C3128E /* SetupView.swift */,
				6E33759923ED38B800C3128E /* SetupVC.swift */,
				6E33759B23ED3FB900C3128E /* SetupCell.swift */,
				6E33759D23ED4BA100C3128E /* SetupViewModel.swift */,
			);
			path = setup;
			sourceTree = "<group>";
		};
		6E34E96023F53BB6009F93C6 /* place-title */ = {
			isa = PBXGroup;
			children = (
				6E34E96123F53BC5009F93C6 /* PlaceTitleView.swift */,
				6E34E96323F544DD009F93C6 /* PlaceTitleVC.swift */,
			);
			path = "place-title";
			sourceTree = "<group>";
		};
		6E43271923A9A71800AEBD93 /* friends */ = {
			isa = PBXGroup;
			children = (
				6E45E41723B9B7F800C2900C /* friend-controll */,
				6E33758F23ECF2EF00C3128E /* find-friend */,
				6E6443D923EBA86100254331 /* friend-detail */,
				6E804B3623ADEEA4009574CD /* add-friend */,
				6E43271A23A9A74A00AEBD93 /* FriendListView.swift */,
				6E43271C23A9A7BE00AEBD93 /* FirendListVC.swift */,
				6E804B3223ADDFDD009574CD /* FriendCell.swift */,
				6E804B3423ADE4E4009574CD /* FriendListViewModel.swift */,
				6E01EA2D23FBAD0C00C85607 /* FriendAdminCell.swift */,
			);
			path = friends;
			sourceTree = "<group>";
		};
		6E45E41723B9B7F800C2900C /* friend-controll */ = {
			isa = PBXGroup;
			children = (
				6E45E41823B9B83000C2900C /* FriendControlView.swift */,
				6E45E42023B9C5B300C2900C /* FriendControlVC.swift */,
				6E127E8123E3FED400EE6126 /* FriendPageVC.swift */,
				6E127E8323E3FF6100EE6126 /* FriendTableView.swift */,
				6E127E8523E3FFA100EE6126 /* FriendTableVC.swift */,
				6E590DB023E8122A006814BE /* FriendControlCell.swift */,
				6E0A654823E92D4400FC1DB7 /* FriendControlViewModel.swift */,
			);
			path = "friend-controll";
			sourceTree = "<group>";
		};
		6E559D8123F37CCA00086080 /* select-location */ = {
			isa = PBXGroup;
			children = (
				6E34E96023F53BB6009F93C6 /* place-title */,
				6E9F9EF723F3CB3900A14C40 /* find-address */,
				6E559D8223F37CE000086080 /* SelectLocationView.swift */,
				6E559D8423F37E0D00086080 /* SelectLocationVC.swift */,
				6E9F9EF523F3CA0E00A14C40 /* SelectLocationViewModel.swift */,
			);
			path = "select-location";
			sourceTree = "<group>";
		};
		6E6443D923EBA86100254331 /* friend-detail */ = {
			isa = PBXGroup;
			children = (
				6E6443DA23EBA87C00254331 /* FriendDetailView.swift */,
				6E6443DC23EBACCA00254331 /* FriendDetailVC.swift */,
				6E6443E023EBCDC600254331 /* FriendDetailViewModel.swift */,
			);
			path = "friend-detail";
			sourceTree = "<group>";
		};
		6E644FB62400E953002292FC /* letter-search */ = {
			isa = PBXGroup;
			children = (
				6E644FB72400E961002292FC /* LetterSearchView.swift */,
				6E644FB92400ED37002292FC /* LetterSearchVC.swift */,
				6E1FB3102403553C00A928A3 /* LetterSearchViewModel.swift */,
			);
			path = "letter-search";
			sourceTree = "<group>";
		};
		6E804B3623ADEEA4009574CD /* add-friend */ = {
			isa = PBXGroup;
			children = (
				6E804B3723ADEEB7009574CD /* AddFriendView.swift */,
				6E804B3B23ADF4ED009574CD /* AddFriendVC.swift */,
				6E63140623B0E1D1009F1D09 /* AddFriendViewModel.swift */,
				6E63140823B0E452009F1D09 /* AddFriendCell.swift */,
			);
			path = "add-friend";
			sourceTree = "<group>";
		};
		6E93C84123F27519002E737F /* select-friend */ = {
			isa = PBXGroup;
			children = (
				6E93C84223F27536002E737F /* SelectFriendView.swift */,
				6E93C84423F2807A002E737F /* SelectFriendVC.swift */,
				6E93C84623F28520002E737F /* SelectFriendViewModel.swift */,
			);
			path = "select-friend";
			sourceTree = "<group>";
		};
		6E9F9EF723F3CB3900A14C40 /* find-address */ = {
			isa = PBXGroup;
			children = (
				6E9F9EF823F3CBA800A14C40 /* FindAddressView.swift */,
				6E9F9EFA23F3CD1100A14C40 /* FindAddressVC.swift */,
				6E9F9F0423F3F35E00A14C40 /* AddressCell.swift */,
				6E9F9F0623F3F44100A14C40 /* FindAddressViewModel.swift */,
			);
			path = "find-address";
			sourceTree = "<group>";
		};
		6EA738CC23939423002176F6 /* membership */ = {
			isa = PBXGroup;
			children = (
				6EA738CD2393947B002176F6 /* SignInView.swift */,
				6EA738CF2393982F002176F6 /* SignInVC.swift */,
				6E8C8A66245FD7C2004C0DD1 /* SignInViewModel.swift */,
				6E10BC4D23A53E7C0026BCD7 /* ProfileView.swift */,
				6E10BC4F23A540740026BCD7 /* ProfileVC.swift */,
				6E2A089E23A7420100A13F92 /* ProfileViewModel.swift */,
			);
			path = membership;
			sourceTree = "<group>";
		};
		6EBF6BE023A88CF100182078 /* shared */ = {
			isa = PBXGroup;
			children = (
				6E644FB62400E953002292FC /* letter-search */,
				6E01EA3723FBCD4D00C85607 /* letter-detail */,
				6EBF6BE923A89B8C00182078 /* BoxNavigationBar.swift */,
				6E13207623A8BC1400D868D6 /* DrawerView.swift */,
			);
			path = shared;
			sourceTree = "<group>";
		};
		6EBF6BE323A8921B00182078 /* resource */ = {
			isa = PBXGroup;
			children = (
				6EBF6BE423A8922300182078 /* font */,
			);
			path = resource;
			sourceTree = "<group>";
		};
		6EBF6BE423A8922300182078 /* font */ = {
			isa = PBXGroup;
			children = (
				6E804B3923ADF179009574CD /* SpoqaHanSans-Light.ttf */,
				6EC1025423A8E7D400328C08 /* SpoqaHanSans-Bold.ttf */,
				6EC1025623A8E84900328C08 /* SpoqaHanSans-Regular.ttf */,
				6EBF6BE523A8922D00182078 /* FrankRuhlLibre-Black.ttf */,
			);
			path = font;
			sourceTree = "<group>";
		};
		6EC5DC6623FD151D008AB915 /* far-away */ = {
			isa = PBXGroup;
			children = (
				6EC5DC6723FD1548008AB915 /* FarAwayView.swift */,
				6EC5DC6923FD1949008AB915 /* FarAwayVC.swift */,
			);
			path = "far-away";
			sourceTree = "<group>";
		};
		6EE72F602392369000C4CFA7 /* features */ = {
			isa = PBXGroup;
			children = (
				6E2A08A823A7685300A13F92 /* letterbox */,
				6E01EA2F23FBBB7200C85607 /* sent-letter */,
				6E1404D923F1059200E954BD /* write */,
				6E43271923A9A71800AEBD93 /* friends */,
				6E33759623ED20D400C3128E /* setup */,
				6EBF6BE023A88CF100182078 /* shared */,
				6EA738CC23939423002176F6 /* membership */,
				6EE72F69239238E500C4CFA7 /* splash */,
				6EE72F61239236A200C4CFA7 /* base */,
				6E1404D723F0E51900E954BD /* MainVC.swift */,
			);
			path = features;
			sourceTree = "<group>";
		};
		6EE72F61239236A200C4CFA7 /* base */ = {
			isa = PBXGroup;
			children = (
				6EE72F62239236AD00C4CFA7 /* BaseView.swift */,
				6EE72F642392372D00C4CFA7 /* BaseVC.swift */,
				6EC1025223A8E65300328C08 /* BaseTableViewCell.swift */,
				6E45E41E23B9C2D000C2900C /* BaseCollectionViewCell.swift */,
				6E6F0E8E2439CBFD00FD3F08 /* BaseViewModel.swift */,
			);
			path = base;
			sourceTree = "<group>";
		};
		6EE72F66239237B000C4CFA7 /* extension */ = {
			isa = PBXGroup;
			children = (
				6EE72F67239237BD00C4CFA7 /* UIViewExt.swift */,
				6EE72F6C239239FA00C4CFA7 /* UIColorExt.swift */,
				6E2A08A023A74C3100A13F92 /* UIImageViewExt.swift */,
			);
			path = extension;
			sourceTree = "<group>";
		};
		6EE72F69239238E500C4CFA7 /* splash */ = {
			isa = PBXGroup;
			children = (
				6EE72F6A2392395800C4CFA7 /* SplashView.swift */,
				6EE72F6E23923CB000C4CFA7 /* SplashVC.swift */,
				6E8C8A64245FBB73004C0DD1 /* SplashViewModel.swift */,
			);
			path = splash;
			sourceTree = "<group>";
		};
		6EE8DFC62392325B00BF2E59 = {
			isa = PBXGroup;
			children = (
				6EE8DFD12392325C00BF2E59 /* thereto-ios */,
				6EE8DFD02392325C00BF2E59 /* Products */,
				84CA88D1F6DA64F9D9F77448 /* Pods */,
				D885DA88BAA4D73249616886 /* Frameworks */,
			);
			sourceTree = "<group>";
		};
		6EE8DFD02392325C00BF2E59 /* Products */ = {
			isa = PBXGroup;
			children = (
				6EE8DFCF2392325C00BF2E59 /* thereto.app */,
			);
			name = Products;
			sourceTree = "<group>";
		};
		6EE8DFD12392325C00BF2E59 /* thereto-ios */ = {
			isa = PBXGroup;
			children = (
				6EBF6BE323A8921B00182078 /* resource */,
				6E2A08A523A75BAE00A13F92 /* services */,
				6E2A08A223A758A300A13F92 /* model */,
				6E1EBD9423A493280062C2F9 /* GoogleService-Info.plist */,
				6EA738D12393A573002176F6 /* thereto-ios.entitlements */,
				6EE72F66239237B000C4CFA7 /* extension */,
				6E1EBD9623A4A0600062C2F9 /* util */,
				6EE72F602392369000C4CFA7 /* features */,
				6EE8DFD22392325C00BF2E59 /* AppDelegate.swift */,
				6EE8DFD82392325D00BF2E59 /* Assets.xcassets */,
				6EE8DFE02392325D00BF2E59 /* Info.plist */,
			);
			path = "thereto-ios";
			sourceTree = "<group>";
		};
		84CA88D1F6DA64F9D9F77448 /* Pods */ = {
			isa = PBXGroup;
			children = (
				A62EBC9CFAB1561824DC8EBE /* Pods-thereto-ios.debug.xcconfig */,
				D636FB7CF7F56415C9C61FBC /* Pods-thereto-ios.release.xcconfig */,
			);
			path = Pods;
			sourceTree = "<group>";
		};
		D885DA88BAA4D73249616886 /* Frameworks */ = {
			isa = PBXGroup;
			children = (
				4D3E007D2F9D10449EC91D30 /* Pods_thereto_ios.framework */,
			);
			name = Frameworks;
			sourceTree = "<group>";
		};
/* End PBXGroup section */

/* Begin PBXNativeTarget section */
		6EE8DFCE2392325B00BF2E59 /* thereto-ios */ = {
			isa = PBXNativeTarget;
			buildConfigurationList = 6EE8DFE32392325D00BF2E59 /* Build configuration list for PBXNativeTarget "thereto-ios" */;
			buildPhases = (
				40A833E4F3A01239FA6DB2EE /* [CP] Check Pods Manifest.lock */,
				6EE8DFCB2392325B00BF2E59 /* Sources */,
				6EE8DFCC2392325B00BF2E59 /* Frameworks */,
				6EE8DFCD2392325B00BF2E59 /* Resources */,
				B3B007B6FEF0B7873A22F127 /* [CP] Embed Pods Frameworks */,
				6E10142E2495ED3C002DF14A /* ShellScript */,
			);
			buildRules = (
			);
			dependencies = (
			);
			name = "thereto-ios";
			productName = "thereto-ios";
			productReference = 6EE8DFCF2392325C00BF2E59 /* thereto.app */;
			productType = "com.apple.product-type.application";
		};
/* End PBXNativeTarget section */

/* Begin PBXProject section */
		6EE8DFC72392325B00BF2E59 /* Project object */ = {
			isa = PBXProject;
			attributes = {
				LastSwiftUpdateCheck = 1120;
				LastUpgradeCheck = 1120;
				ORGANIZATIONNAME = Macgongmon;
				TargetAttributes = {
					6EE8DFCE2392325B00BF2E59 = {
						CreatedOnToolsVersion = 11.2.1;
					};
				};
			};
			buildConfigurationList = 6EE8DFCA2392325B00BF2E59 /* Build configuration list for PBXProject "thereto-ios" */;
			compatibilityVersion = "Xcode 9.3";
			developmentRegion = en;
			hasScannedForEncodings = 0;
			knownRegions = (
				en,
				Base,
			);
			mainGroup = 6EE8DFC62392325B00BF2E59;
			productRefGroup = 6EE8DFD02392325C00BF2E59 /* Products */;
			projectDirPath = "";
			projectRoot = "";
			targets = (
				6EE8DFCE2392325B00BF2E59 /* thereto-ios */,
			);
		};
/* End PBXProject section */

/* Begin PBXResourcesBuildPhase section */
		6EE8DFCD2392325B00BF2E59 /* Resources */ = {
			isa = PBXResourcesBuildPhase;
			buildActionMask = 2147483647;
			files = (
				6EC1025523A8E7D400328C08 /* SpoqaHanSans-Bold.ttf in Resources */,
				6EE8DFD92392325D00BF2E59 /* Assets.xcassets in Resources */,
				6E804B3A23ADF179009574CD /* SpoqaHanSans-Light.ttf in Resources */,
				6EC1025723A8E84900328C08 /* SpoqaHanSans-Regular.ttf in Resources */,
				6EBF6BE623A8922D00182078 /* FrankRuhlLibre-Black.ttf in Resources */,
				6E1EBD9523A493280062C2F9 /* GoogleService-Info.plist in Resources */,
			);
			runOnlyForDeploymentPostprocessing = 0;
		};
/* End PBXResourcesBuildPhase section */

/* Begin PBXShellScriptBuildPhase section */
		40A833E4F3A01239FA6DB2EE /* [CP] Check Pods Manifest.lock */ = {
			isa = PBXShellScriptBuildPhase;
			buildActionMask = 2147483647;
			files = (
			);
			inputFileListPaths = (
			);
			inputPaths = (
				"${PODS_PODFILE_DIR_PATH}/Podfile.lock",
				"${PODS_ROOT}/Manifest.lock",
			);
			name = "[CP] Check Pods Manifest.lock";
			outputFileListPaths = (
			);
			outputPaths = (
				"$(DERIVED_FILE_DIR)/Pods-thereto-ios-checkManifestLockResult.txt",
			);
			runOnlyForDeploymentPostprocessing = 0;
			shellPath = /bin/sh;
			shellScript = "diff \"${PODS_PODFILE_DIR_PATH}/Podfile.lock\" \"${PODS_ROOT}/Manifest.lock\" > /dev/null\nif [ $? != 0 ] ; then\n    # print error to STDERR\n    echo \"error: The sandbox is not in sync with the Podfile.lock. Run 'pod install' or update your CocoaPods installation.\" >&2\n    exit 1\nfi\n# This output is used by Xcode 'outputs' to avoid re-running this script phase.\necho \"SUCCESS\" > \"${SCRIPT_OUTPUT_FILE_0}\"\n";
			showEnvVarsInLog = 0;
		};
		6E10142E2495ED3C002DF14A /* ShellScript */ = {
			isa = PBXShellScriptBuildPhase;
			buildActionMask = 2147483647;
			files = (
			);
			inputFileListPaths = (
			);
			inputPaths = (
			);
			outputFileListPaths = (
			);
			outputPaths = (
			);
			runOnlyForDeploymentPostprocessing = 0;
			shellPath = /bin/sh;
			shellScript = "# Type a script or drag a script file from your workspace to insert its path.\n\"${PODS_ROOT}/Fabric/run\"\n";
		};
		B3B007B6FEF0B7873A22F127 /* [CP] Embed Pods Frameworks */ = {
			isa = PBXShellScriptBuildPhase;
			buildActionMask = 2147483647;
			files = (
			);
			inputFileListPaths = (
				"${PODS_ROOT}/Target Support Files/Pods-thereto-ios/Pods-thereto-ios-frameworks-${CONFIGURATION}-input-files.xcfilelist",
			);
			name = "[CP] Embed Pods Frameworks";
			outputFileListPaths = (
				"${PODS_ROOT}/Target Support Files/Pods-thereto-ios/Pods-thereto-ios-frameworks-${CONFIGURATION}-output-files.xcfilelist",
			);
			runOnlyForDeploymentPostprocessing = 0;
			shellPath = /bin/sh;
			shellScript = "\"${PODS_ROOT}/Target Support Files/Pods-thereto-ios/Pods-thereto-ios-frameworks.sh\"\n";
			showEnvVarsInLog = 0;
		};
/* End PBXShellScriptBuildPhase section */

/* Begin PBXSourcesBuildPhase section */
		6EE8DFCB2392325B00BF2E59 /* Sources */ = {
			isa = PBXSourcesBuildPhase;
			buildActionMask = 2147483647;
			files = (
				6E9F9EF223F3C48900A14C40 /* Region.swift in Sources */,
				6E13207723A8BC1400D868D6 /* DrawerView.swift in Sources */,
				6E93C84323F27536002E737F /* SelectFriendView.swift in Sources */,
				6E9F9EFF23F3EB1300A14C40 /* Juso.swift in Sources */,
				6EC5DC6523FD0BA0008AB915 /* LetterBoxViewModel.swift in Sources */,
				6E127E8223E3FED400EE6126 /* FriendPageVC.swift in Sources */,
				6EE72F68239237BD00C4CFA7 /* UIViewExt.swift in Sources */,
				6EE72F6D239239FA00C4CFA7 /* UIColorExt.swift in Sources */,
				6E33759823ED210D00C3128E /* SetupView.swift in Sources */,
				6E33759123ECF2FD00C3128E /* FindFriendView.swift in Sources */,
				6ECCFA9F23EA7EBC001A565E /* DateUtil.swift in Sources */,
				6E93C84723F28520002E737F /* SelectFriendViewModel.swift in Sources */,
				6EA738D02393982F002176F6 /* SignInVC.swift in Sources */,
				6E34E95F23F529CC009F93C6 /* GeoLocationResponse.swift in Sources */,
				6E559D8523F37E0D00086080 /* SelectLocationVC.swift in Sources */,
				6EFE3CB823A4D18500C32992 /* FirebaseUtil.swift in Sources */,
				6E45E41923B9B83000C2900C /* FriendControlView.swift in Sources */,
				6E33759E23ED4BA100C3128E /* SetupViewModel.swift in Sources */,
				6E34E96223F53BC5009F93C6 /* PlaceTitleView.swift in Sources */,
				6E804B3C23ADF4ED009574CD /* AddFriendVC.swift in Sources */,
				6E127E8623E3FFA100EE6126 /* FriendTableVC.swift in Sources */,
				6E1404D823F0E51900E954BD /* MainVC.swift in Sources */,
				6E33759323ECF38F00C3128E /* FindFriendVC.swift in Sources */,
				6EA0725423B76E1400D59079 /* UserDefaultsUtil.swift in Sources */,
				6E644FB82400E961002292FC /* LetterSearchView.swift in Sources */,
				6E63140723B0E1D1009F1D09 /* AddFriendViewModel.swift in Sources */,
				6E8C8A67245FD7C2004C0DD1 /* SignInViewModel.swift in Sources */,
				6E01EA3323FBBBD900C85607 /* SentLetterVC.swift in Sources */,
				6E9F9F0523F3F35E00A14C40 /* AddressCell.swift in Sources */,
				6E924A3B2467B36200325316 /* JsonUtils.swift in Sources */,
				6E6443E523EBD5BA00254331 /* CommonError.swift in Sources */,
				6E1404DB23F1059A00E954BD /* WriteView.swift in Sources */,
				6E7041EC23F689F200843A37 /* Letter.swift in Sources */,
				6E2A08A423A758B000A13F92 /* User.swift in Sources */,
				6E01EA3523FBBD8A00C85607 /* SentLetterViewModel.swift in Sources */,
				6E6F0E912439D1D300FD3F08 /* FacebookManager.swift in Sources */,
				6E93C84023F25C45002E737F /* WriteVC.swift in Sources */,
				6E7041E823F65DB400843A37 /* WriteViewModel.swift in Sources */,
				6E9F9EF623F3CA0E00A14C40 /* SelectLocationViewModel.swift in Sources */,
				6E10BC4E23A53E7D0026BCD7 /* ProfileView.swift in Sources */,
				6E01EA2E23FBAD0C00C85607 /* FriendAdminCell.swift in Sources */,
				6E6443E723EBDC4E00254331 /* Friend.swift in Sources */,
				6E33759523ECF8F900C3128E /* FindFriendViewModel.swift in Sources */,
				6E8C8A65245FBB73004C0DD1 /* SplashViewModel.swift in Sources */,
				6E2A08A723A75BC600A13F92 /* UserService.swift in Sources */,
				6EE8DFD32392325C00BF2E59 /* AppDelegate.swift in Sources */,
				6E2A089F23A7420100A13F92 /* ProfileViewModel.swift in Sources */,
				6E9F9EFD23F3D11300A14C40 /* AddressService.swift in Sources */,
				6E9F9EF423F3C62200A14C40 /* NaverResponse.swift in Sources */,
				6EC5DC6323FCC774008AB915 /* LetterDetailVC.swift in Sources */,
				6E6F0E932439D95900FD3F08 /* CommonResponse.swift in Sources */,
				6E644FBA2400ED37002292FC /* LetterSearchVC.swift in Sources */,
				6E9EC3FB247A6F68008459DC /* Alarm.swift in Sources */,
				6EE72F6B2392395800C4CFA7 /* SplashView.swift in Sources */,
				6E6443DD23EBACCA00254331 /* FriendDetailVC.swift in Sources */,
				6E9F9EEE23F3C37300A14C40 /* ReverseGeoLocation.swift in Sources */,
				6E804B3323ADDFDD009574CD /* FriendCell.swift in Sources */,
				6E33759A23ED38B800C3128E /* SetupVC.swift in Sources */,
				6EC1025123A8E61D00328C08 /* LetterCell.swift in Sources */,
				6EC5DC6823FD1548008AB915 /* FarAwayView.swift in Sources */,
				6E6443EB23EBDD7900254331 /* State.swift in Sources */,
				6EE72F652392372D00C4CFA7 /* BaseVC.swift in Sources */,
				6E10BC5023A540740026BCD7 /* ProfileVC.swift in Sources */,
				6E9F9EEC23F3BA3900A14C40 /* MapService.swift in Sources */,
				6E1FB3112403553C00A928A3 /* LetterSearchViewModel.swift in Sources */,
				6E43271B23A9A74A00AEBD93 /* FriendListView.swift in Sources */,
				6E3B20DA247252E000E8F7EA /* Land.swift in Sources */,
				6E2A08A123A74C3100A13F92 /* UIImageViewExt.swift in Sources */,
				6E559D8323F37CE000086080 /* SelectLocationView.swift in Sources */,
				6E2A08AC23A768C300A13F92 /* LetterBoxVC.swift in Sources */,
				6E6587E624663EE8001D9C8E /* HTTPUtils.swift in Sources */,
				6E804B3823ADEEB7009574CD /* AddFriendView.swift in Sources */,
				6EE72F63239236AD00C4CFA7 /* BaseView.swift in Sources */,
				6E6443DB23EBA87C00254331 /* FriendDetailView.swift in Sources */,
				6E9F9EF923F3CBA800A14C40 /* FindAddressView.swift in Sources */,
				6E9F9F0723F3F44100A14C40 /* FindAddressViewModel.swift in Sources */,
				6EBF6BEA23A89B8C00182078 /* BoxNavigationBar.swift in Sources */,
				6E7041EA23F6807900843A37 /* LetterService.swift in Sources */,
				6E2A08AA23A7689E00A13F92 /* LetterBoxView.swift in Sources */,
				6EA738CE2393947B002176F6 /* SignInView.swift in Sources */,
				6E45E41F23B9C2D000C2900C /* BaseCollectionViewCell.swift in Sources */,
				6E6F0E8F2439CBFD00FD3F08 /* BaseViewModel.swift in Sources */,
				6EC1025323A8E65300328C08 /* BaseTableViewCell.swift in Sources */,
				6E6443E923EBDD6300254331 /* SocialType.swift in Sources */,
				6E34E96423F544DD009F93C6 /* PlaceTitleVC.swift in Sources */,
				6E33759C23ED3FB900C3128E /* SetupCell.swift in Sources */,
				6EC5DC6A23FD1949008AB915 /* FarAwayVC.swift in Sources */,
				6E804B3523ADE4E4009574CD /* FriendListViewModel.swift in Sources */,
				6E01EA3123FBBBA500C85607 /* SentLetterView.swift in Sources */,
				6E6443DF23EBB1A500254331 /* RatioUtils.swift in Sources */,
				6E3B20DC247257AD00E8F7EA /* Addition.swift in Sources */,
				6E6443E323EBD3A000254331 /* Result.swift in Sources */,
				6E63140923B0E452009F1D09 /* AddFriendCell.swift in Sources */,
				6E127E8423E3FF6100EE6126 /* FriendTableView.swift in Sources */,
				6E9F9EFB23F3CD1100A14C40 /* FindAddressVC.swift in Sources */,
				6E93C84523F2807A002E737F /* SelectFriendVC.swift in Sources */,
				6E9F9F0123F3F14F00A14C40 /* JusoResults.swift in Sources */,
				6E43271D23A9A7BE00AEBD93 /* FirendListVC.swift in Sources */,
				6E01EA3923FBCD5C00C85607 /* LetterDetailView.swift in Sources */,
				6E1EBD9823A4A06E0062C2F9 /* AlertUtil.swift in Sources */,
				6E9F9EF023F3C42C00A14C40 /* Area.swift in Sources */,
				6E0A654923E92D4400FC1DB7 /* FriendControlViewModel.swift in Sources */,
				6E6443E123EBCDC600254331 /* FriendDetailViewModel.swift in Sources */,
				6E7041E623F6558500843A37 /* Location.swift in Sources */,
				6EE72F6F23923CB000C4CFA7 /* SplashVC.swift in Sources */,
				6E590DB123E8122A006814BE /* FriendControlCell.swift in Sources */,
				6E45E42123B9C5B300C2900C /* FriendControlVC.swift in Sources */,
			);
			runOnlyForDeploymentPostprocessing = 0;
		};
/* End PBXSourcesBuildPhase section */

/* Begin XCBuildConfiguration section */
		6EE8DFE12392325D00BF2E59 /* Debug */ = {
			isa = XCBuildConfiguration;
			buildSettings = {
				ALWAYS_SEARCH_USER_PATHS = NO;
				CLANG_ANALYZER_NONNULL = YES;
				CLANG_ANALYZER_NUMBER_OBJECT_CONVERSION = YES_AGGRESSIVE;
				CLANG_CXX_LANGUAGE_STANDARD = "gnu++14";
				CLANG_CXX_LIBRARY = "libc++";
				CLANG_ENABLE_MODULES = YES;
				CLANG_ENABLE_OBJC_ARC = YES;
				CLANG_ENABLE_OBJC_WEAK = YES;
				CLANG_WARN_BLOCK_CAPTURE_AUTORELEASING = YES;
				CLANG_WARN_BOOL_CONVERSION = YES;
				CLANG_WARN_COMMA = YES;
				CLANG_WARN_CONSTANT_CONVERSION = YES;
				CLANG_WARN_DEPRECATED_OBJC_IMPLEMENTATIONS = YES;
				CLANG_WARN_DIRECT_OBJC_ISA_USAGE = YES_ERROR;
				CLANG_WARN_DOCUMENTATION_COMMENTS = YES;
				CLANG_WARN_EMPTY_BODY = YES;
				CLANG_WARN_ENUM_CONVERSION = YES;
				CLANG_WARN_INFINITE_RECURSION = YES;
				CLANG_WARN_INT_CONVERSION = YES;
				CLANG_WARN_NON_LITERAL_NULL_CONVERSION = YES;
				CLANG_WARN_OBJC_IMPLICIT_RETAIN_SELF = YES;
				CLANG_WARN_OBJC_LITERAL_CONVERSION = YES;
				CLANG_WARN_OBJC_ROOT_CLASS = YES_ERROR;
				CLANG_WARN_RANGE_LOOP_ANALYSIS = YES;
				CLANG_WARN_STRICT_PROTOTYPES = YES;
				CLANG_WARN_SUSPICIOUS_MOVE = YES;
				CLANG_WARN_UNGUARDED_AVAILABILITY = YES_AGGRESSIVE;
				CLANG_WARN_UNREACHABLE_CODE = YES;
				CLANG_WARN__DUPLICATE_METHOD_MATCH = YES;
				COPY_PHASE_STRIP = NO;
				DEBUG_INFORMATION_FORMAT = dwarf;
				ENABLE_STRICT_OBJC_MSGSEND = YES;
				ENABLE_TESTABILITY = YES;
				GCC_C_LANGUAGE_STANDARD = gnu11;
				GCC_DYNAMIC_NO_PIC = NO;
				GCC_NO_COMMON_BLOCKS = YES;
				GCC_OPTIMIZATION_LEVEL = 0;
				GCC_PREPROCESSOR_DEFINITIONS = (
					"DEBUG=1",
					"$(inherited)",
				);
				GCC_WARN_64_TO_32_BIT_CONVERSION = YES;
				GCC_WARN_ABOUT_RETURN_TYPE = YES_ERROR;
				GCC_WARN_UNDECLARED_SELECTOR = YES;
				GCC_WARN_UNINITIALIZED_AUTOS = YES_AGGRESSIVE;
				GCC_WARN_UNUSED_FUNCTION = YES;
				GCC_WARN_UNUSED_VARIABLE = YES;
				IPHONEOS_DEPLOYMENT_TARGET = 12.4;
				MTL_ENABLE_DEBUG_INFO = INCLUDE_SOURCE;
				MTL_FAST_MATH = YES;
				ONLY_ACTIVE_ARCH = YES;
				OTHER_LDFLAGS = "-ObjC";
				SDKROOT = iphoneos;
				SWIFT_ACTIVE_COMPILATION_CONDITIONS = DEBUG;
				SWIFT_OPTIMIZATION_LEVEL = "-Onone";
			};
			name = Debug;
		};
		6EE8DFE22392325D00BF2E59 /* Release */ = {
			isa = XCBuildConfiguration;
			buildSettings = {
				ALWAYS_SEARCH_USER_PATHS = NO;
				CLANG_ANALYZER_NONNULL = YES;
				CLANG_ANALYZER_NUMBER_OBJECT_CONVERSION = YES_AGGRESSIVE;
				CLANG_CXX_LANGUAGE_STANDARD = "gnu++14";
				CLANG_CXX_LIBRARY = "libc++";
				CLANG_ENABLE_MODULES = YES;
				CLANG_ENABLE_OBJC_ARC = YES;
				CLANG_ENABLE_OBJC_WEAK = YES;
				CLANG_WARN_BLOCK_CAPTURE_AUTORELEASING = YES;
				CLANG_WARN_BOOL_CONVERSION = YES;
				CLANG_WARN_COMMA = YES;
				CLANG_WARN_CONSTANT_CONVERSION = YES;
				CLANG_WARN_DEPRECATED_OBJC_IMPLEMENTATIONS = YES;
				CLANG_WARN_DIRECT_OBJC_ISA_USAGE = YES_ERROR;
				CLANG_WARN_DOCUMENTATION_COMMENTS = YES;
				CLANG_WARN_EMPTY_BODY = YES;
				CLANG_WARN_ENUM_CONVERSION = YES;
				CLANG_WARN_INFINITE_RECURSION = YES;
				CLANG_WARN_INT_CONVERSION = YES;
				CLANG_WARN_NON_LITERAL_NULL_CONVERSION = YES;
				CLANG_WARN_OBJC_IMPLICIT_RETAIN_SELF = YES;
				CLANG_WARN_OBJC_LITERAL_CONVERSION = YES;
				CLANG_WARN_OBJC_ROOT_CLASS = YES_ERROR;
				CLANG_WARN_RANGE_LOOP_ANALYSIS = YES;
				CLANG_WARN_STRICT_PROTOTYPES = YES;
				CLANG_WARN_SUSPICIOUS_MOVE = YES;
				CLANG_WARN_UNGUARDED_AVAILABILITY = YES_AGGRESSIVE;
				CLANG_WARN_UNREACHABLE_CODE = YES;
				CLANG_WARN__DUPLICATE_METHOD_MATCH = YES;
				COPY_PHASE_STRIP = NO;
				DEBUG_INFORMATION_FORMAT = "dwarf-with-dsym";
				ENABLE_NS_ASSERTIONS = NO;
				ENABLE_STRICT_OBJC_MSGSEND = YES;
				GCC_C_LANGUAGE_STANDARD = gnu11;
				GCC_NO_COMMON_BLOCKS = YES;
				GCC_WARN_64_TO_32_BIT_CONVERSION = YES;
				GCC_WARN_ABOUT_RETURN_TYPE = YES_ERROR;
				GCC_WARN_UNDECLARED_SELECTOR = YES;
				GCC_WARN_UNINITIALIZED_AUTOS = YES_AGGRESSIVE;
				GCC_WARN_UNUSED_FUNCTION = YES;
				GCC_WARN_UNUSED_VARIABLE = YES;
				IPHONEOS_DEPLOYMENT_TARGET = 12.4;
				MTL_ENABLE_DEBUG_INFO = NO;
				MTL_FAST_MATH = YES;
				OTHER_LDFLAGS = "-ObjC";
				SDKROOT = iphoneos;
				SWIFT_COMPILATION_MODE = wholemodule;
				SWIFT_OPTIMIZATION_LEVEL = "-O";
				VALIDATE_PRODUCT = YES;
			};
			name = Release;
		};
		6EE8DFE42392325D00BF2E59 /* Debug */ = {
			isa = XCBuildConfiguration;
			baseConfigurationReference = A62EBC9CFAB1561824DC8EBE /* Pods-thereto-ios.debug.xcconfig */;
			buildSettings = {
				ASSETCATALOG_COMPILER_APPICON_NAME = AppIcon;
				CODE_SIGN_ENTITLEMENTS = "thereto-ios/thereto-ios.entitlements";
				CODE_SIGN_STYLE = Automatic;
				CURRENT_PROJECT_VERSION = 1;
				DEBUG_INFORMATION_FORMAT = dwarf;
				DEVELOPMENT_ASSET_PATHS = "";
				DEVELOPMENT_TEAM = X975A2HM62;
				ENABLE_PREVIEWS = NO;
				INFOPLIST_FILE = "thereto-ios/Info.plist";
				IPHONEOS_DEPLOYMENT_TARGET = 13.0;
				LD_RUNPATH_SEARCH_PATHS = (
					"$(inherited)",
					"@executable_path/Frameworks",
				);
				MARKETING_VERSION = 1.1.0;
				OTHER_LDFLAGS = (
					"$(inherited)",
					"-ObjC",
					"-l\"c++\"",
					"-l\"sqlite3\"",
					"-l\"stdc++\"",
					"-l\"z\"",
					"-framework",
					"\"Accelerate\"",
					"-framework",
					"\"CFNetwork\"",
					"-framework",
					"\"FBLPromises\"",
					"-framework",
					"\"FBSDKCoreKit\"",
					"-framework",
					"\"FBSDKLoginKit\"",
					"-framework",
					"\"FIRAnalyticsConnector\"",
					"-framework",
					"\"FirebaseAnalytics\"",
					"-framework",
					"\"FirebaseAuth\"",
					"-framework",
					"\"FirebaseCore\"",
					"-framework",
					"\"FirebaseCoreDiagnostics\"",
					"-framework",
					"\"FirebaseFirestore\"",
					"-framework",
					"\"FirebaseInstallations\"",
					"-framework",
					"\"FirebaseInstanceID\"",
					"-framework",
					"\"Foundation\"",
					"-framework",
					"\"GTMSessionFetcher\"",
					"-framework",
					"\"GoogleAppMeasurement\"",
					"-framework",
					"\"GoogleDataTransport\"",
					"-framework",
					"\"GoogleDataTransportCCTSupport\"",
					"-framework",
					"\"GoogleUtilities\"",
					"-framework",
					"\"Kingfisher\"",
					"-framework",
					"\"MobileCoreServices\"",
					"-framework",
					"\"NMapsMap\"",
					"-framework",
					"\"RxCocoa\"",
					"-framework",
					"\"RxRelay\"",
					"-framework",
					"\"RxSwift\"",
					"-framework",
					"\"SafariServices\"",
					"-framework",
					"\"Security\"",
					"-framework",
					"\"SnapKit\"",
					"-framework",
					"\"StoreKit\"",
					"-framework",
					"\"SystemConfiguration\"",
					"-framework",
					"\"Then\"",
					"-framework",
					"\"UIKit\"",
					"-framework",
					"\"absl\"",
					"-framework",
					"\"grpc\"",
					"-framework",
					"\"grpcpp\"",
					"-framework",
					"\"leveldb\"",
					"-framework",
					"\"nanopb\"",
					"-framework",
					"\"openssl_grpc\"",
					"-weak_framework",
					"\"Accelerate\"",
					"-weak_framework",
					"\"Accounts\"",
					"-weak_framework",
					"\"AudioToolbox\"",
					"-weak_framework",
					"\"CoreGraphics\"",
					"-weak_framework",
					"\"CoreLocation\"",
					"-weak_framework",
					"\"Foundation\"",
					"-weak_framework",
					"\"QuartzCore\"",
					"-weak_framework",
					"\"Security\"",
					"-weak_framework",
					"\"Social\"",
					"-weak_framework",
					"\"UIKit\"",
					"-all_load",
				);
				PRODUCT_BUNDLE_IDENTIFIER = "com.macgongmon.thereto-ios";
				PRODUCT_NAME = thereto;
				SWIFT_VERSION = 5.0;
				TARGETED_DEVICE_FAMILY = 1;
			};
			name = Debug;
		};
		6EE8DFE52392325D00BF2E59 /* Release */ = {
			isa = XCBuildConfiguration;
			baseConfigurationReference = D636FB7CF7F56415C9C61FBC /* Pods-thereto-ios.release.xcconfig */;
			buildSettings = {
				ASSETCATALOG_COMPILER_APPICON_NAME = AppIcon;
				CODE_SIGN_ENTITLEMENTS = "thereto-ios/thereto-ios.entitlements";
				CODE_SIGN_STYLE = Automatic;
				CURRENT_PROJECT_VERSION = 1;
				DEVELOPMENT_ASSET_PATHS = "";
				DEVELOPMENT_TEAM = X975A2HM62;
				ENABLE_PREVIEWS = NO;
				INFOPLIST_FILE = "thereto-ios/Info.plist";
				IPHONEOS_DEPLOYMENT_TARGET = 13.0;
				LD_RUNPATH_SEARCH_PATHS = (
					"$(inherited)",
					"@executable_path/Frameworks",
				);
				MARKETING_VERSION = 1.1.0;
				OTHER_LDFLAGS = (
					"$(inherited)",
					"-ObjC",
					"-l\"c++\"",
					"-l\"sqlite3\"",
					"-l\"stdc++\"",
					"-l\"z\"",
					"-framework",
					"\"Accelerate\"",
					"-framework",
					"\"CFNetwork\"",
					"-framework",
					"\"FBLPromises\"",
					"-framework",
					"\"FBSDKCoreKit\"",
					"-framework",
					"\"FBSDKLoginKit\"",
					"-framework",
					"\"FIRAnalyticsConnector\"",
					"-framework",
					"\"FirebaseAnalytics\"",
					"-framework",
					"\"FirebaseAuth\"",
					"-framework",
					"\"FirebaseCore\"",
					"-framework",
					"\"FirebaseCoreDiagnostics\"",
					"-framework",
					"\"FirebaseFirestore\"",
					"-framework",
					"\"FirebaseInstallations\"",
					"-framework",
					"\"FirebaseInstanceID\"",
					"-framework",
					"\"Foundation\"",
					"-framework",
					"\"GTMSessionFetcher\"",
					"-framework",
					"\"GoogleAppMeasurement\"",
					"-framework",
					"\"GoogleDataTransport\"",
					"-framework",
					"\"GoogleDataTransportCCTSupport\"",
					"-framework",
					"\"GoogleUtilities\"",
					"-framework",
					"\"Kingfisher\"",
					"-framework",
					"\"MobileCoreServices\"",
					"-framework",
					"\"NMapsMap\"",
					"-framework",
					"\"RxCocoa\"",
					"-framework",
					"\"RxRelay\"",
					"-framework",
					"\"RxSwift\"",
					"-framework",
					"\"SafariServices\"",
					"-framework",
					"\"Security\"",
					"-framework",
					"\"SnapKit\"",
					"-framework",
					"\"StoreKit\"",
					"-framework",
					"\"SystemConfiguration\"",
					"-framework",
					"\"Then\"",
					"-framework",
					"\"UIKit\"",
					"-framework",
					"\"absl\"",
					"-framework",
					"\"grpc\"",
					"-framework",
					"\"grpcpp\"",
					"-framework",
					"\"leveldb\"",
					"-framework",
					"\"nanopb\"",
					"-framework",
					"\"openssl_grpc\"",
					"-weak_framework",
					"\"Accelerate\"",
					"-weak_framework",
					"\"Accounts\"",
					"-weak_framework",
					"\"AudioToolbox\"",
					"-weak_framework",
					"\"CoreGraphics\"",
					"-weak_framework",
					"\"CoreLocation\"",
					"-weak_framework",
					"\"Foundation\"",
					"-weak_framework",
					"\"QuartzCore\"",
					"-weak_framework",
					"\"Security\"",
					"-weak_framework",
					"\"Social\"",
					"-weak_framework",
					"\"UIKit\"",
					"-all_load",
				);
				PRODUCT_BUNDLE_IDENTIFIER = "com.macgongmon.thereto-ios";
				PRODUCT_NAME = thereto;
				SWIFT_VERSION = 5.0;
				TARGETED_DEVICE_FAMILY = 1;
			};
			name = Release;
		};
/* End XCBuildConfiguration section */

/* Begin XCConfigurationList section */
		6EE8DFCA2392325B00BF2E59 /* Build configuration list for PBXProject "thereto-ios" */ = {
			isa = XCConfigurationList;
			buildConfigurations = (
				6EE8DFE12392325D00BF2E59 /* Debug */,
				6EE8DFE22392325D00BF2E59 /* Release */,
			);
			defaultConfigurationIsVisible = 0;
			defaultConfigurationName = Release;
		};
		6EE8DFE32392325D00BF2E59 /* Build configuration list for PBXNativeTarget "thereto-ios" */ = {
			isa = XCConfigurationList;
			buildConfigurations = (
				6EE8DFE42392325D00BF2E59 /* Debug */,
				6EE8DFE52392325D00BF2E59 /* Release */,
			);
			defaultConfigurationIsVisible = 0;
			defaultConfigurationName = Release;
		};
/* End XCConfigurationList section */
	};
	rootObject = 6EE8DFC72392325B00BF2E59 /* Project object */;
}
